{
  "name": "malenia-project",
  "lockfileVersion": 3,
  "requires": true,
  "packages": {
    "": {
      "dependencies": {
        "cautious-winner": "^1.0.0"
      }
    },
    "node_modules/cautious-winner": {
      "version": "1.0.0",
      "resolved": "https://registry.npmjs.org/cautious-winner/-/cautious-winner-1.0.0.tgz",
      "integrity": "sha512-SWUUXPQ8t1B/BwXHHmuBkFfQxEMa/LqLN7Syo5EHLG5239IIythuKv2ONr+aLgSi8rq/EZ/N0T7FMWmW0I05aw=="
    }
  }
}
